
Microsoft Visual Studio Solution File, Format Version 12.00
# Visual Studio Version 17
VisualStudioVersion = 17.0.31903.59
MinimumVisualStudioVersion = 15.0.26124.0
Project("{2150E333-8FDC-42A3-9474-1A3956D46DE8}") = "Tests", "Tests", "{57A04B72-8088-4F75-A582-1158CF8291F7}"
EndProject
Project("{2150E333-8FDC-42A3-9474-1A3956D46DE8}") = "Test.Common", "Test.Common", "{47697CDB-27B6-4B05-B4F8-0CBE6F6EDF97}"
EndProject
Project("{2150E333-8FDC-42A3-9474-1A3956D46DE8}") = "Host", "Host", "{486ADF86-DD89-4E19-B805-9D94F19800D9}"
EndProject
Project("{9A19103F-16F7-4668-BE54-9A1E7A4F7556}") = "Playerr.Api.V3", "Playerr.Api.V3\Playerr.Api.V3.csproj", "{D1D48E1D-9EEB-470B-992C-3954F90FB014}"
EndProject
Project("{9A19103F-16F7-4668-BE54-9A1E7A4F7556}") = "Playerr.Http", "Playerr.Http\Playerr.Http.csproj", "{F8A02FD4-A7A4-40D0-BB81-6319105A3302}"
EndProject
Project("{9A19103F-16F7-4668-BE54-9A1E7A4F7556}") = "Playerr.Common", "Playerr.Common\Playerr.Common.csproj", "{74BF1D46-710C-42C1-82DD-34B42C58F843}"
EndProject
Project("{9A19103F-16F7-4668-BE54-9A1E7A4F7556}") = "Playerr.Console", "Playerr.Console\Playerr.Console.csproj", "{AEA9EE9A-19BF-45CB-93D9-52CA443FD313}"
EndProject
Project("{9A19103F-16F7-4668-BE54-9A1E7A4F7556}") = "Playerr.Core", "Playerr.Core\Playerr.Core.csproj", "{82EBE37B-E3A7-4365-9B06-FA647BCC7AF0}"
EndProject
Project("{9A19103F-16F7-4668-BE54-9A1E7A4F7556}") = "Playerr.Host", "Playerr.Host\Playerr.Host.csproj", "{B6913970-FB88-4F6F-83F9-00728218E3FD}"
EndProject
Project("{9A19103F-16F7-4668-BE54-9A1E7A4F7556}") = "Playerr.SignalR", "Playerr.SignalR\Playerr.SignalR.csproj", "{B30BE76E-4D20-47AA-9E03-E32613D888CC}"
EndProject
Project("{FAE04EC0-301F-11D3-BF4B-00C04F79EFBC}") = "Playerr.UsbHelper", "Playerr.UsbHelper\Playerr.UsbHelper.csproj", "{77119E56-27CD-421E-A7F2-F876B9717CB1}"
EndProject
Global
	GlobalSection(SolutionConfigurationPlatforms) = preSolution
		Debug|Any CPU = Debug|Any CPU
		Release|Any CPU = Release|Any CPU
	EndGlobalSection
	GlobalSection(ProjectConfigurationPlatforms) = postSolution
		{D1D48E1D-9EEB-470B-992C-3954F90FB014}.Debug|Any CPU.ActiveCfg = Debug|Any CPU
		{D1D48E1D-9EEB-470B-992C-3954F90FB014}.Debug|Any CPU.Build.0 = Debug|Any CPU
		{D1D48E1D-9EEB-470B-992C-3954F90FB014}.Release|Any CPU.ActiveCfg = Release|Any CPU
		{D1D48E1D-9EEB-470B-992C-3954F90FB014}.Release|Any CPU.Build.0 = Release|Any CPU
		{F8A02FD4-A7A4-40D0-BB81-6319105A3302}.Debug|Any CPU.ActiveCfg = Debug|Any CPU
		{F8A02FD4-A7A4-40D0-BB81-6319105A3302}.Debug|Any CPU.Build.0 = Debug|Any CPU
		{F8A02FD4-A7A4-40D0-BB81-6319105A3302}.Release|Any CPU.ActiveCfg = Release|Any CPU
		{F8A02FD4-A7A4-40D0-BB81-6319105A3302}.Release|Any CPU.Build.0 = Release|Any CPU
		{74BF1D46-710C-42C1-82DD-34B42C58F843}.Debug|Any CPU.ActiveCfg = Debug|Any CPU
		{74BF1D46-710C-42C1-82DD-34B42C58F843}.Debug|Any CPU.Build.0 = Debug|Any CPU
		{74BF1D46-710C-42C1-82DD-34B42C58F843}.Release|Any CPU.ActiveCfg = Release|Any CPU
		{74BF1D46-710C-42C1-82DD-34B42C58F843}.Release|Any CPU.Build.0 = Release|Any CPU
		{AEA9EE9A-19BF-45CB-93D9-52CA443FD313}.Debug|Any CPU.ActiveCfg = Debug|Any CPU
		{AEA9EE9A-19BF-45CB-93D9-52CA443FD313}.Debug|Any CPU.Build.0 = Debug|Any CPU
		{AEA9EE9A-19BF-45CB-93D9-52CA443FD313}.Release|Any CPU.ActiveCfg = Release|Any CPU
		{AEA9EE9A-19BF-45CB-93D9-52CA443FD313}.Release|Any CPU.Build.0 = Release|Any CPU
		{82EBE37B-E3A7-4365-9B06-FA647BCC7AF0}.Debug|Any CPU.ActiveCfg = Debug|Any CPU
		{82EBE37B-E3A7-4365-9B06-FA647BCC7AF0}.Debug|Any CPU.Build.0 = Debug|Any CPU
		{82EBE37B-E3A7-4365-9B06-FA647BCC7AF0}.Release|Any CPU.ActiveCfg = Release|Any CPU
		{82EBE37B-E3A7-4365-9B06-FA647BCC7AF0}.Release|Any CPU.Build.0 = Release|Any CPU
		{B6913970-FB88-4F6F-83F9-00728218E3FD}.Debug|Any CPU.ActiveCfg = Debug|Any CPU
		{B6913970-FB88-4F6F-83F9-00728218E3FD}.Debug|Any CPU.Build.0 = Debug|Any CPU
		{B6913970-FB88-4F6F-83F9-00728218E3FD}.Release|Any CPU.ActiveCfg = Release|Any CPU
		{B6913970-FB88-4F6F-83F9-00728218E3FD}.Release|Any CPU.Build.0 = Release|Any CPU
		{B30BE76E-4D20-47AA-9E03-E32613D888CC}.Debug|Any CPU.ActiveCfg = Debug|Any CPU
		{B30BE76E-4D20-47AA-9E03-E32613D888CC}.Debug|Any CPU.Build.0 = Debug|Any CPU
		{B30BE76E-4D20-47AA-9E03-E32613D888CC}.Release|Any CPU.ActiveCfg = Release|Any CPU
		{B30BE76E-4D20-47AA-9E03-E32613D888CC}.Release|Any CPU.Build.0 = Release|Any CPU
		{77119E56-27CD-421E-A7F2-F876B9717CB1}.Debug|Any CPU.ActiveCfg = Debug|Any CPU
		{77119E56-27CD-421E-A7F2-F876B9717CB1}.Debug|Any CPU.Build.0 = Debug|Any CPU
		{77119E56-27CD-421E-A7F2-F876B9717CB1}.Release|Any CPU.ActiveCfg = Release|Any CPU
		{77119E56-27CD-421E-A7F2-F876B9717CB1}.Release|Any CPU.Build.0 = Release|Any CPU
	EndGlobalSection
	GlobalSection(SolutionProperties) = preSolution
		HideSolutionNode = FALSE
	EndGlobalSection
	GlobalSection(NestedProjects) = preSolution
		{D1D48E1D-9EEB-470B-992C-3954F90FB014} = {486ADF86-DD89-4E19-B805-9D94F19800D9}
		{F8A02FD4-A7A4-40D0-BB81-6319105A3302} = {486ADF86-DD89-4E19-B805-9D94F19800D9}
		{82EBE37B-E3A7-4365-9B06-FA647BCC7AF0} = {486ADF86-DD89-4E19-B805-9D94F19800D9}
		{B6913970-FB88-4F6F-83F9-00728218E3FD} = {486ADF86-DD89-4E19-B805-9D94F19800D9}
	EndGlobalSection
EndGlobal
